// !$*UTF8*$!
{
	archiveVersion = 1;
	classes = {
	};
	objectVersion = 46;
	objects = {

/* Begin PBXBuildFile section */
		C7200BFD1620A0E900591570 /* DiffMatchPatch-Prefix.pch in Headers */ = {isa = PBXBuildFile; fileRef = C7200BFC1620A0E900591570 /* DiffMatchPatch-Prefix.pch */; };
		C725BDE8160B15670098CA23 /* InfoPlist.strings in Resources */ = {isa = PBXBuildFile; fileRef = C725BDE6160B15670098CA23 /* InfoPlist.strings */; };
		C725BDFC160B158C0098CA23 /* DiffMatchPatch.h in Headers */ = {isa = PBXBuildFile; fileRef = C725BDEF160B158C0098CA23 /* DiffMatchPatch.h */; settings = {ATTRIBUTES = (Public, ); }; };
		C725BDFD160B158C0098CA23 /* DiffMatchPatch.m in Sources */ = {isa = PBXBuildFile; fileRef = C725BDF0160B158C0098CA23 /* DiffMatchPatch.m */; };
		C725BDFE160B158C0098CA23 /* DiffMatchPatchCFUtilities.c in Sources */ = {isa = PBXBuildFile; fileRef = C725BDF1160B158C0098CA23 /* DiffMatchPatchCFUtilities.c */; };
		C725BDFF160B158C0098CA23 /* DiffMatchPatchCFUtilities.h in Headers */ = {isa = PBXBuildFile; fileRef = C725BDF2160B158C0098CA23 /* DiffMatchPatchCFUtilities.h */; };
		C725BE00160B158C0098CA23 /* MinMaxMacros.h in Headers */ = {isa = PBXBuildFile; fileRef = C725BDF3160B158C0098CA23 /* MinMaxMacros.h */; };
		C725BE01160B158C0098CA23 /* NSMutableDictionary+DMPExtensions.h in Headers */ = {isa = PBXBuildFile; fileRef = C725BDF4160B158C0098CA23 /* NSMutableDictionary+DMPExtensions.h */; };
		C725BE02160B158C0098CA23 /* NSMutableDictionary+DMPExtensions.m in Sources */ = {isa = PBXBuildFile; fileRef = C725BDF5160B158C0098CA23 /* NSMutableDictionary+DMPExtensions.m */; };
		C725BE03160B158C0098CA23 /* NSString+JavaSubstring.h in Headers */ = {isa = PBXBuildFile; fileRef = C725BDF6160B158C0098CA23 /* NSString+JavaSubstring.h */; };
		C725BE04160B158C0098CA23 /* NSString+JavaSubstring.m in Sources */ = {isa = PBXBuildFile; fileRef = C725BDF7160B158C0098CA23 /* NSString+JavaSubstring.m */; };
		C725BE05160B158C0098CA23 /* NSString+UnicharUtilities.h in Headers */ = {isa = PBXBuildFile; fileRef = C725BDF8160B158C0098CA23 /* NSString+UnicharUtilities.h */; };
		C725BE06160B158C0098CA23 /* NSString+UnicharUtilities.m in Sources */ = {isa = PBXBuildFile; fileRef = C725BDF9160B158C0098CA23 /* NSString+UnicharUtilities.m */; };
		C725BE07160B158C0098CA23 /* NSString+UriCompatibility.h in Headers */ = {isa = PBXBuildFile; fileRef = C725BDFA160B158C0098CA23 /* NSString+UriCompatibility.h */; };
		C725BE08160B158C0098CA23 /* NSString+UriCompatibility.m in Sources */ = {isa = PBXBuildFile; fileRef = C725BDFB160B158C0098CA23 /* NSString+UriCompatibility.m */; };
/* End PBXBuildFile section */

/* Begin PBXFileReference section */
		C7200BFC1620A0E900591570 /* DiffMatchPatch-Prefix.pch */ = {isa = PBXFileReference; fileEncoding = 4; lastKnownFileType = sourcecode.c.h; path = "DiffMatchPatch-Prefix.pch"; sourceTree = "<group>"; };
		C725BDE1160B15670098CA23 /* DiffMatchPatch.framework */ = {isa = PBXFileReference; explicitFileType = wrapper.cfbundle; includeInIndex = 0; path = DiffMatchPatch.framework; sourceTree = BUILT_PRODUCTS_DIR; };
		C725BDE5160B15670098CA23 /* DiffMatchPatch-Info.plist */ = {isa = PBXFileReference; lastKnownFileType = text.plist.xml; path = "DiffMatchPatch-Info.plist"; sourceTree = "<group>"; };
		C725BDE7160B15670098CA23 /* en */ = {isa = PBXFileReference; lastKnownFileType = text.plist.strings; name = en; path = en.lproj/InfoPlist.strings; sourceTree = "<group>"; };
		C725BDEF160B158C0098CA23 /* DiffMatchPatch.h */ = {isa = PBXFileReference; fileEncoding = 4; lastKnownFileType = sourcecode.c.h; path = DiffMatchPatch.h; sourceTree = "<group>"; };
		C725BDF0160B158C0098CA23 /* DiffMatchPatch.m */ = {isa = PBXFileReference; fileEncoding = 4; lastKnownFileType = sourcecode.c.objc; path = DiffMatchPatch.m; sourceTree = "<group>"; };
		C725BDF1160B158C0098CA23 /* DiffMatchPatchCFUtilities.c */ = {isa = PBXFileReference; fileEncoding = 4; lastKnownFileType = sourcecode.c.c; path = DiffMatchPatchCFUtilities.c; sourceTree = "<group>"; };
		C725BDF2160B158C0098CA23 /* DiffMatchPatchCFUtilities.h */ = {isa = PBXFileReference; fileEncoding = 4; lastKnownFileType = sourcecode.c.h; path = DiffMatchPatchCFUtilities.h; sourceTree = "<group>"; };
		C725BDF3160B158C0098CA23 /* MinMaxMacros.h */ = {isa = PBXFileReference; fileEncoding = 4; lastKnownFileType = sourcecode.c.h; path = MinMaxMacros.h; sourceTree = "<group>"; };
		C725BDF4160B158C0098CA23 /* NSMutableDictionary+DMPExtensions.h */ = {isa = PBXFileReference; fileEncoding = 4; lastKnownFileType = sourcecode.c.h; path = "NSMutableDictionary+DMPExtensions.h"; sourceTree = "<group>"; };
		C725BDF5160B158C0098CA23 /* NSMutableDictionary+DMPExtensions.m */ = {isa = PBXFileReference; fileEncoding = 4; lastKnownFileType = sourcecode.c.objc; path = "NSMutableDictionary+DMPExtensions.m"; sourceTree = "<group>"; };
		C725BDF6160B158C0098CA23 /* NSString+JavaSubstring.h */ = {isa = PBXFileReference; fileEncoding = 4; lastKnownFileType = sourcecode.c.h; path = "NSString+JavaSubstring.h"; sourceTree = "<group>"; };
		C725BDF7160B158C0098CA23 /* NSString+JavaSubstring.m */ = {isa = PBXFileReference; fileEncoding = 4; lastKnownFileType = sourcecode.c.objc; path = "NSString+JavaSubstring.m"; sourceTree = "<group>"; };
		C725BDF8160B158C0098CA23 /* NSString+UnicharUtilities.h */ = {isa = PBXFileReference; fileEncoding = 4; lastKnownFileType = sourcecode.c.h; path = "NSString+UnicharUtilities.h"; sourceTree = "<group>"; };
		C725BDF9160B158C0098CA23 /* NSString+UnicharUtilities.m */ = {isa = PBXFileReference; fileEncoding = 4; lastKnownFileType = sourcecode.c.objc; path = "NSString+UnicharUtilities.m"; sourceTree = "<group>"; };
		C725BDFA160B158C0098CA23 /* NSString+UriCompatibility.h */ = {isa = PBXFileReference; fileEncoding = 4; lastKnownFileType = sourcecode.c.h; path = "NSString+UriCompatibility.h"; sourceTree = "<group>"; };
		C725BDFB160B158C0098CA23 /* NSString+UriCompatibility.m */ = {isa = PBXFileReference; fileEncoding = 4; lastKnownFileType = sourcecode.c.objc; path = "NSString+UriCompatibility.m"; sourceTree = "<group>"; };
/* End PBXFileReference section */

/* Begin PBXFrameworksBuildPhase section */
		C725BDDB160B15670098CA23 /* Frameworks */ = {
			isa = PBXFrameworksBuildPhase;
			buildActionMask = 2147483647;
			files = (
			);
			runOnlyForDeploymentPostprocessing = 0;
		};
/* End PBXFrameworksBuildPhase section */

/* Begin PBXGroup section */
		C725BDD2160B15670098CA23 = {
			isa = PBXGroup;
			children = (
				C725BDE3160B15670098CA23 /* DiffMatchPatch */,
				C725BDE2160B15670098CA23 /* Products */,
			);
			sourceTree = "<group>";
		};
		C725BDE2160B15670098CA23 /* Products */ = {
			isa = PBXGroup;
			children = (
				C725BDE1160B15670098CA23 /* DiffMatchPatch.framework */,
			);
			name = Products;
			sourceTree = "<group>";
		};
		C725BDE3160B15670098CA23 /* DiffMatchPatch */ = {
			isa = PBXGroup;
			children = (
				C725BDEF160B158C0098CA23 /* DiffMatchPatch.h */,
				C725BDF0160B158C0098CA23 /* DiffMatchPatch.m */,
				C725BDF1160B158C0098CA23 /* DiffMatchPatchCFUtilities.c */,
				C725BDF2160B158C0098CA23 /* DiffMatchPatchCFUtilities.h */,
				C725BDF3160B158C0098CA23 /* MinMaxMacros.h */,
				C725BDF4160B158C0098CA23 /* NSMutableDictionary+DMPExtensions.h */,
				C725BDF5160B158C0098CA23 /* NSMutableDictionary+DMPExtensions.m */,
				C725BDF6160B158C0098CA23 /* NSString+JavaSubstring.h */,
				C725BDF7160B158C0098CA23 /* NSString+JavaSubstring.m */,
				C725BDF8160B158C0098CA23 /* NSString+UnicharUtilities.h */,
				C725BDF9160B158C0098CA23 /* NSString+UnicharUtilities.m */,
				C725BDFA160B158C0098CA23 /* NSString+UriCompatibility.h */,
				C725BDFB160B158C0098CA23 /* NSString+UriCompatibility.m */,
				C725BDE4160B15670098CA23 /* Supporting Files */,
			);
			path = DiffMatchPatch;
			sourceTree = "<group>";
		};
		C725BDE4160B15670098CA23 /* Supporting Files */ = {
			isa = PBXGroup;
			children = (
				C7200BFC1620A0E900591570 /* DiffMatchPatch-Prefix.pch */,
				C725BDE5160B15670098CA23 /* DiffMatchPatch-Info.plist */,
				C725BDE6160B15670098CA23 /* InfoPlist.strings */,
			);
			name = "Supporting Files";
			sourceTree = "<group>";
		};
/* End PBXGroup section */

/* Begin PBXHeadersBuildPhase section */
		C725BDDC160B15670098CA23 /* Headers */ = {
			isa = PBXHeadersBuildPhase;
			buildActionMask = 2147483647;
			files = (
				C725BDFC160B158C0098CA23 /* DiffMatchPatch.h in Headers */,
				C725BDFF160B158C0098CA23 /* DiffMatchPatchCFUtilities.h in Headers */,
				C725BE00160B158C0098CA23 /* MinMaxMacros.h in Headers */,
				C725BE01160B158C0098CA23 /* NSMutableDictionary+DMPExtensions.h in Headers */,
				C725BE03160B158C0098CA23 /* NSString+JavaSubstring.h in Headers */,
				C725BE05160B158C0098CA23 /* NSString+UnicharUtilities.h in Headers */,
				C725BE07160B158C0098CA23 /* NSString+UriCompatibility.h in Headers */,
				C7200BFD1620A0E900591570 /* DiffMatchPatch-Prefix.pch in Headers */,
			);
			runOnlyForDeploymentPostprocessing = 0;
		};
/* End PBXHeadersBuildPhase section */

/* Begin PBXNativeTarget section */
		C725BDE0160B15670098CA23 /* DiffMatchPatch */ = {
			isa = PBXNativeTarget;
			buildConfigurationList = C725BDEC160B15670098CA23 /* Build configuration list for PBXNativeTarget "DiffMatchPatch" */;
			buildPhases = (
				C725BDD9160B15670098CA23 /* ShellScript */,
				C725BDDA160B15670098CA23 /* Sources */,
				C725BDDB160B15670098CA23 /* Frameworks */,
				C725BDDC160B15670098CA23 /* Headers */,
				C725BDDD160B15670098CA23 /* Resources */,
			);
			buildRules = (
			);
			dependencies = (
			);
			name = DiffMatchPatch;
			productName = DiffMatchPatch;
			productReference = C725BDE1160B15670098CA23 /* DiffMatchPatch.framework */;
			productType = "com.apple.product-type.bundle";
		};
/* End PBXNativeTarget section */

/* Begin PBXProject section */
		C725BDD4160B15670098CA23 /* Project object */ = {
			isa = PBXProject;
			attributes = {
				LastUpgradeCheck = 0630;
				ORGANIZATIONNAME = RS;
			};
			buildConfigurationList = C725BDD7160B15670098CA23 /* Build configuration list for PBXProject "DiffMatchPatch" */;
			compatibilityVersion = "Xcode 3.2";
			developmentRegion = English;
			hasScannedForEncodings = 0;
			knownRegions = (
				en,
			);
			mainGroup = C725BDD2160B15670098CA23;
			productRefGroup = C725BDE2160B15670098CA23 /* Products */;
			projectDirPath = "";
			projectRoot = "";
			targets = (
				C725BDE0160B15670098CA23 /* DiffMatchPatch */,
			);
		};
/* End PBXProject section */

/* Begin PBXResourcesBuildPhase section */
		C725BDDD160B15670098CA23 /* Resources */ = {
			isa = PBXResourcesBuildPhase;
			buildActionMask = 2147483647;
			files = (
				C725BDE8160B15670098CA23 /* InfoPlist.strings in Resources */,
			);
			runOnlyForDeploymentPostprocessing = 0;
		};
/* End PBXResourcesBuildPhase section */

/* Begin PBXShellScriptBuildPhase section */
		C725BDD9160B15670098CA23 /* ShellScript */ = {
			isa = PBXShellScriptBuildPhase;
			buildActionMask = 2147483647;
			files = (
			);
			inputPaths = (
			);
			outputPaths = (
			);
			runOnlyForDeploymentPostprocessing = 0;
			shellPath = /bin/sh;
			shellScript = "set -e\n\nset +u\nif [[ $UFW_MASTER_SCRIPT_RUNNING ]]\nthen\n    # Nothing for the slave script to do\n    exit 0\nfi\nset -u\n\nif [[ \"$SDK_NAME\" =~ ([A-Za-z]+) ]]\nthen\n    UFW_SDK_PLATFORM=${BASH_REMATCH[1]}\nelse\n    echo \"Could not find platform name from SDK_NAME: $SDK_NAME\"\n    exit 1\nfi\n\nif [[ \"$SDK_NAME\" =~ ([0-9]+.*$) ]]\nthen\n\tUFW_SDK_VERSION=${BASH_REMATCH[1]}\nelse\n    echo \"Could not find sdk version  from SDK_NAME: $SDK_NAME\"\n    exit 1\nfi\n\nif [[ \"$UFW_SDK_PLATFORM\" = \"iphoneos\" ]]\nthen\n    UFW_OTHER_PLATFORM=iphonesimulator\nelse\n    UFW_OTHER_PLATFORM=iphoneos\nfi\n\nif [[ \"$BUILT_PRODUCTS_DIR\" =~ (.*)$UFW_SDK_PLATFORM$ ]]\nthen\n    UFW_OTHER_BUILT_PRODUCTS_DIR=\"${BASH_REMATCH[1]}${UFW_OTHER_PLATFORM}\"\nelse\n    echo \"Could not find $UFW_SDK_PLATFORM in $BUILT_PRODUCTS_DIR\"\n    exit 1\nfi\n\n\n# Short-circuit if all binaries are up to date\n\nif [[ -f \"${BUILT_PRODUCTS_DIR}/${EXECUTABLE_PATH}\" ]] && \\\n   [[ -f \"${BUILT_PRODUCTS_DIR}/${PRODUCT_NAME}.embeddedframework/${EXECUTABLE_PATH}\" ]] && \\\n   [[ ! \"${BUILT_PRODUCTS_DIR}/${EXECUTABLE_PATH}\" -nt \"${BUILT_PRODUCTS_DIR}/${PRODUCT_NAME}.embeddedframework/${EXECUTABLE_PATH}\" ]]\n   [[ -f \"${UFW_OTHER_BUILT_PRODUCTS_DIR}/${EXECUTABLE_PATH}\" ]] && \\\n   [[ -f \"${UFW_OTHER_BUILT_PRODUCTS_DIR}/${PRODUCT_NAME}.embeddedframework/${EXECUTABLE_PATH}\" ]] && \\\n   [[ ! \"${UFW_OTHER_BUILT_PRODUCTS_DIR}/${EXECUTABLE_PATH}\" -nt \"${UFW_OTHER_BUILT_PRODUCTS_DIR}/${PRODUCT_NAME}.embeddedframework/${EXECUTABLE_PATH}\" ]]\nthen\n    exit 0\nfi\n\n\n# Clean other platform if needed\n\nif [[ ! -f \"${BUILT_PRODUCTS_DIR}/${EXECUTABLE_PATH}\" ]]\nthen\n\techo \"Platform \\\"$UFW_SDK_PLATFORM\\\" was cleaned recently. Cleaning \\\"$UFW_OTHER_PLATFORM\\\" as well\"\n\techo xcodebuild -project \"${PROJECT_FILE_PATH}\" -target \"${TARGET_NAME}\" -configuration \"${CONFIGURATION}\" -sdk ${UFW_OTHER_PLATFORM}${UFW_SDK_VERSION} BUILD_DIR=\"${BUILD_DIR}\" CONFIGURATION_TEMP_DIR=\"${PROJECT_TEMP_DIR}/${CONFIGURATION}-${UFW_OTHER_PLATFORM}\" clean\n\txcodebuild -project \"${PROJECT_FILE_PATH}\" -target \"${TARGET_NAME}\" -configuration \"${CONFIGURATION}\" -sdk ${UFW_OTHER_PLATFORM}${UFW_SDK_VERSION} BUILD_DIR=\"${BUILD_DIR}\" CONFIGURATION_TEMP_DIR=\"${PROJECT_TEMP_DIR}/${CONFIGURATION}-${UFW_OTHER_PLATFORM}\" clean\nfi\n\n\n# Make sure we are building from fresh binaries\n\nrm -rf \"${BUILT_PRODUCTS_DIR}/${EXECUTABLE_PATH}\"\nrm -rf \"${BUILT_PRODUCTS_DIR}/${PRODUCT_NAME}.embeddedframework\"\nrm -rf \"${UFW_OTHER_BUILT_PRODUCTS_DIR}/${EXECUTABLE_PATH}\"\nrm -rf \"${UFW_OTHER_BUILT_PRODUCTS_DIR}/${PRODUCT_NAME}.embeddedframework\"\n";
		};
/* End PBXShellScriptBuildPhase section */

/* Begin PBXSourcesBuildPhase section */
		C725BDDA160B15670098CA23 /* Sources */ = {
			isa = PBXSourcesBuildPhase;
			buildActionMask = 2147483647;
			files = (
				C725BDFD160B158C0098CA23 /* DiffMatchPatch.m in Sources */,
				C725BDFE160B158C0098CA23 /* DiffMatchPatchCFUtilities.c in Sources */,
				C725BE02160B158C0098CA23 /* NSMutableDictionary+DMPExtensions.m in Sources */,
				C725BE04160B158C0098CA23 /* NSString+JavaSubstring.m in Sources */,
				C725BE06160B158C0098CA23 /* NSString+UnicharUtilities.m in Sources */,
				C725BE08160B158C0098CA23 /* NSString+UriCompatibility.m in Sources */,
			);
			runOnlyForDeploymentPostprocessing = 0;
		};
/* End PBXSourcesBuildPhase section */

/* Begin PBXVariantGroup section */
		C725BDE6160B15670098CA23 /* InfoPlist.strings */ = {
			isa = PBXVariantGroup;
			children = (
				C725BDE7160B15670098CA23 /* en */,
			);
			name = InfoPlist.strings;
			sourceTree = "<group>";
		};
/* End PBXVariantGroup section */

/* Begin XCBuildConfiguration section */
		C725BDEA160B15670098CA23 /* Debug */ = {
			isa = XCBuildConfiguration;
			buildSettings = {
				ALWAYS_SEARCH_USER_PATHS = NO;
				CLANG_CXX_LANGUAGE_STANDARD = "gnu++0x";
				CLANG_WARN_BOOL_CONVERSION = YES;
				CLANG_WARN_CONSTANT_CONVERSION = YES;
				CLANG_WARN_EMPTY_BODY = YES;
				CLANG_WARN_ENUM_CONVERSION = YES;
				CLANG_WARN_INT_CONVERSION = YES;
				CLANG_WARN_UNREACHABLE_CODE = YES;
				CLANG_WARN__DUPLICATE_METHOD_MATCH = YES;
				COPY_PHASE_STRIP = NO;
				ENABLE_STRICT_OBJC_MSGSEND = YES;
				GCC_C_LANGUAGE_STANDARD = gnu99;
				GCC_DYNAMIC_NO_PIC = NO;
				GCC_NO_COMMON_BLOCKS = YES;
				GCC_OPTIMIZATION_LEVEL = 0;
				GCC_PREPROCESSOR_DEFINITIONS = (
					"DEBUG=1",
					"$(inherited)",
				);
				GCC_SYMBOLS_PRIVATE_EXTERN = NO;
				GCC_VERSION = com.apple.compilers.llvm.clang.1_0;
				GCC_WARN_64_TO_32_BIT_CONVERSION = YES;
				GCC_WARN_ABOUT_RETURN_TYPE = YES;
				GCC_WARN_UNDECLARED_SELECTOR = YES;
				GCC_WARN_UNINITIALIZED_AUTOS = YES;
				GCC_WARN_UNUSED_FUNCTION = YES;
				GCC_WARN_UNUSED_VARIABLE = YES;
				IPHONEOS_DEPLOYMENT_TARGET = 4.3;
				ONLY_ACTIVE_ARCH = YES;
				SDKROOT = iphoneos;
			};
			name = Debug;
		};
		C725BDEB160B15670098CA23 /* Release */ = {
			isa = XCBuildConfiguration;
			buildSettings = {
				ALWAYS_SEARCH_USER_PATHS = NO;
				CLANG_CXX_LANGUAGE_STANDARD = "gnu++0x";
				CLANG_WARN_BOOL_CONVERSION = YES;
				CLANG_WARN_CONSTANT_CONVERSION = YES;
				CLANG_WARN_EMPTY_BODY = YES;
				CLANG_WARN_ENUM_CONVERSION = YES;
				CLANG_WARN_INT_CONVERSION = YES;
				CLANG_WARN_UNREACHABLE_CODE = YES;
				CLANG_WARN__DUPLICATE_METHOD_MATCH = YES;
				COPY_PHASE_STRIP = YES;
				ENABLE_STRICT_OBJC_MSGSEND = YES;
				GCC_C_LANGUAGE_STANDARD = gnu99;
				GCC_NO_COMMON_BLOCKS = YES;
				GCC_VERSION = com.apple.compilers.llvm.clang.1_0;
				GCC_WARN_64_TO_32_BIT_CONVERSION = YES;
				GCC_WARN_ABOUT_RETURN_TYPE = YES;
				GCC_WARN_UNDECLARED_SELECTOR = YES;
				GCC_WARN_UNINITIALIZED_AUTOS = YES;
				GCC_WARN_UNUSED_FUNCTION = YES;
				GCC_WARN_UNUSED_VARIABLE = YES;
				IPHONEOS_DEPLOYMENT_TARGET = 4.3;
				SDKROOT = iphoneos;
				VALIDATE_PRODUCT = YES;
			};
			name = Release;
		};
		C725BDED160B15670098CA23 /* Debug */ = {
			isa = XCBuildConfiguration;
			buildSettings = {
				CONTENTS_FOLDER_PATH = "$(WRAPPER_NAME)/Versions/$(FRAMEWORK_VERSION)";
				DEAD_CODE_STRIPPING = NO;
				DYLIB_COMPATIBILITY_VERSION = 1;
				DYLIB_CURRENT_VERSION = 1;
				FRAMEWORK_VERSION = A;
				GCC_PRECOMPILE_PREFIX_HEADER = YES;
				GCC_PREFIX_HEADER = "DiffMatchPatch/DiffMatchPatch-Prefix.pch";
				INFOPLIST_FILE = "DiffMatchPatch/DiffMatchPatch-Info.plist";
				INFOPLIST_PATH = "$(UNLOCALIZED_RESOURCES_FOLDER_PATH)/Info.plist";
				INSTALL_PATH = "$(BUILT_PRODUCTS_DIR)";
				IPHONEOS_DEPLOYMENT_TARGET = 4.3;
				LINK_WITH_STANDARD_LIBRARIES = NO;
				MACH_O_TYPE = mh_object;
				PRODUCT_NAME = "$(TARGET_NAME)";
				SKIP_INSTALL = YES;
				UNLOCALIZED_RESOURCES_FOLDER_PATH = "$(CONTENTS_FOLDER_PATH)/Resources";
				WRAPPER_EXTENSION = framework;
			};
			name = Debug;
		};
		C725BDEE160B15670098CA23 /* Release */ = {
			isa = XCBuildConfiguration;
			buildSettings = {
				CONTENTS_FOLDER_PATH = "$(WRAPPER_NAME)/Versions/$(FRAMEWORK_VERSION)";
				DEAD_CODE_STRIPPING = NO;
				DYLIB_COMPATIBILITY_VERSION = 1;
				DYLIB_CURRENT_VERSION = 1;
				FRAMEWORK_VERSION = A;
				GCC_PRECOMPILE_PREFIX_HEADER = YES;
				GCC_PREFIX_HEADER = "DiffMatchPatch/DiffMatchPatch-Prefix.pch";
				INFOPLIST_FILE = "DiffMatchPatch/DiffMatchPatch-Info.plist";
				INFOPLIST_PATH = "$(UNLOCALIZED_RESOURCES_FOLDER_PATH)/Info.plist";
				INSTALL_PATH = "$(BUILT_PRODUCTS_DIR)";
				IPHONEOS_DEPLOYMENT_TARGET = 4.3;
				LINK_WITH_STANDARD_LIBRARIES = NO;
				MACH_O_TYPE = mh_object;
				PRODUCT_NAME = "$(TARGET_NAME)";
				SKIP_INSTALL = YES;
				UNLOCALIZED_RESOURCES_FOLDER_PATH = "$(CONTENTS_FOLDER_PATH)/Resources";
				WRAPPER_EXTENSION = framework;
			};
			name = Release;
		};
/* End XCBuildConfiguration section */

/* Begin XCConfigurationList section */
		C725BDD7160B15670098CA23 /* Build configuration list for PBXProject "DiffMatchPatch" */ = {
			isa = XCConfigurationList;
			buildConfigurations = (
				C725BDEA160B15670098CA23 /* Debug */,
				C725BDEB160B15670098CA23 /* Release */,
			);
			defaultConfigurationIsVisible = 0;
			defaultConfigurationName = Release;
		};
		C725BDEC160B15670098CA23 /* Build configuration list for PBXNativeTarget "DiffMatchPatch" */ = {
			isa = XCConfigurationList;
			buildConfigurations = (
				C725BDED160B15670098CA23 /* Debug */,
				C725BDEE160B15670098CA23 /* Release */,
			);
			defaultConfigurationIsVisible = 0;
			defaultConfigurationName = Release;
		};
/* End XCConfigurationList section */
	};
	rootObject = C725BDD4160B15670098CA23 /* Project object */;
}
